// !$*UTF8*$!
{
	archiveVersion = 1;
	classes = {
	};
	objectVersion = 46;
	objects = {

/* Begin PBXBuildFile section */
		2E22ABCB1E369E750024194C /* AppDelegate.swift in Sources */ = {isa = PBXBuildFile; fileRef = 2E22ABCA1E369E750024194C /* AppDelegate.swift */; };
		2E22ABCD1E369E750024194C /* ViewController.swift in Sources */ = {isa = PBXBuildFile; fileRef = 2E22ABCC1E369E750024194C /* ViewController.swift */; };
		2E22ABD01E369E750024194C /* Main.storyboard in Resources */ = {isa = PBXBuildFile; fileRef = 2E22ABCE1E369E750024194C /* Main.storyboard */; };
		2E22ABD21E369E750024194C /* Assets.xcassets in Resources */ = {isa = PBXBuildFile; fileRef = 2E22ABD11E369E750024194C /* Assets.xcassets */; };
		2E22ABD51E369E750024194C /* LaunchScreen.storyboard in Resources */ = {isa = PBXBuildFile; fileRef = 2E22ABD31E369E750024194C /* LaunchScreen.storyboard */; };
/* End PBXBuildFile section */

/* Begin PBXFileReference section */
		2E22ABC71E369E750024194C /* HelloWorldDanielC.app */ = {isa = PBXFileReference; explicitFileType = wrapper.application; includeInIndex = 0; path = HelloWorldDanielC.app; sourceTree = BUILT_PRODUCTS_DIR; };
		2E22ABCA1E369E750024194C /* AppDelegate.swift */ = {isa = PBXFileReference; lastKnownFileType = sourcecode.swift; path = AppDelegate.swift; sourceTree = "<group>"; };
		2E22ABCC1E369E750024194C /* ViewController.swift */ = {isa = PBXFileReference; lastKnownFileType = sourcecode.swift; path = ViewController.swift; sourceTree = "<group>"; };
		2E22ABCF1E369E750024194C /* Base */ = {isa = PBXFileReference; lastKnownFileType = file.storyboard; name = Base; path = Base.lproj/Main.storyboard; sourceTree = "<group>"; };
		2E22ABD11E369E750024194C /* Assets.xcassets */ = {isa = PBXFileReference; lastKnownFileType = folder.assetcatalog; path = Assets.xcassets; sourceTree = "<group>"; };
		2E22ABD41E369E750024194C /* Base */ = {isa = PBXFileReference; lastKnownFileType = file.storyboard; name = Base; path = Base.lproj/LaunchScreen.storyboard; sourceTree = "<group>"; };
		2E22ABD61E369E750024194C /* Info.plist */ = {isa = PBXFileReference; lastKnownFileType = text.plist.xml; path = Info.plist; sourceTree = "<group>"; };
/* End PBXFileReference section */

/* Begin PBXFrameworksBuildPhase section */
		2E22ABC41E369E750024194C /* Frameworks */ = {
			isa = PBXFrameworksBuildPhase;
			buildActionMask = 2147483647;
			files = (
			);
			runOnlyForDeploymentPostprocessing = 0;
		};
/* End PBXFrameworksBuildPhase section */

/* Begin PBXGroup section */
		2E22ABBE1E369E750024194C = {
			isa = PBXGroup;
			children = (
				2E22ABC91E369E750024194C /* HelloWorldDanielC */,
				2E22ABC81E369E750024194C /* Products */,
			);
			sourceTree = "<group>";
		};
		2E22ABC81E369E750024194C /* Products */ = {
			isa = PBXGroup;
			children = (
				2E22ABC71E369E750024194C /* HelloWorldDanielC.app */,
			);
			name = Products;
			sourceTree = "<group>";
		};
		2E22ABC91E369E750024194C /* HelloWorldDanielC */ = {
			isa = PBXGroup;
			children = (
				2E22ABCA1E369E750024194C /* AppDelegate.swift */,
				2E22ABCC1E369E750024194C /* ViewController.swift */,
				2E22ABCE1E369E750024194C /* Main.storyboard */,
				2E22ABD11E369E750024194C /* Assets.xcassets */,
				2E22ABD31E369E750024194C /* LaunchScreen.storyboard */,
				2E22ABD61E369E750024194C /* Info.plist */,
			);
			path = HelloWorldDanielC;
			sourceTree = "<group>";
		};
/* End PBXGroup section */

/* Begin PBXNativeTarget section */
		2E22ABC61E369E750024194C /* HelloWorldDanielC */ = {
			isa = PBXNativeTarget;
			buildConfigurationList = 2E22ABD91E369E750024194C /* Build configuration list for PBXNativeTarget "HelloWorldDanielC" */;
			buildPhases = (
				2E22ABC31E369E750024194C /* Sources */,
				2E22ABC41E369E750024194C /* Frameworks */,
				2E22ABC51E369E750024194C /* Resources */,
			);
			buildRules = (
			);
			dependencies = (
			);
			name = HelloWorldDanielC;
			productName = HelloWorldDanielC;
			productReference = 2E22ABC71E369E750024194C /* HelloWorldDanielC.app */;
			productType = "com.apple.product-type.application";
		};
/* End PBXNativeTarget section */

/* Begin PBXProject section */
		2E22ABBF1E369E750024194C /* Project object */ = {
			isa = PBXProject;
			attributes = {
				LastSwiftUpdateCheck = 0820;
				LastUpgradeCheck = 0820;
				ORGANIZATIONNAME = "Daniel Catlett";
				TargetAttributes = {
					2E22ABC61E369E750024194C = {
						CreatedOnToolsVersion = 8.2;
						ProvisioningStyle = Automatic;
					};
				};
			};
			buildConfigurationList = 2E22ABC21E369E750024194C /* Build configuration list for PBXProject "HelloWorldDanielC" */;
			compatibilityVersion = "Xcode 3.2";
			developmentRegion = English;
			hasScannedForEncodings = 0;
			knownRegions = (
				en,
				Base,
			);
			mainGroup = 2E22ABBE1E369E750024194C;
			productRefGroup = 2E22ABC81E369E750024194C /* Products */;
			projectDirPath = "";
			projectRoot = "";
			targets = (
				2E22ABC61E369E750024194C /* HelloWorldDanielC */,
			);
		};
/* End PBXProject section */

/* Begin PBXResourcesBuildPhase section */
		2E22ABC51E369E750024194C /* Resources */ = {
			isa = PBXResourcesBuildPhase;
			buildActionMask = 2147483647;
			files = (
				2E22ABD51E369E750024194C /* LaunchScreen.storyboard in Resources */,
				2E22ABD21E369E750024194C /* Assets.xcassets in Resources */,
				2E22ABD01E369E750024194C /* Main.storyboard in Resources */,
			);
			runOnlyForDeploymentPostprocessing = 0;
		};
/* End PBXResourcesBuildPhase section */

/* Begin PBXSourcesBuildPhase section */
		2E22ABC31E369E750024194C /* Sources */ = {
			isa = PBXSourcesBuildPhase;
			buildActionMask = 2147483647;
			files = (
				2E22ABCD1E369E750024194C /* ViewController.swift in Sources */,
				2E22ABCB1E369E750024194C /* AppDelegate.swift in Sources */,
			);
			runOnlyForDeploymentPostprocessing = 0;
		};
/* End PBXSourcesBuildPhase section */

/* Begin PBXVariantGroup section */
		2E22ABCE1E369E750024194C /* Main.storyboard */ = {
			isa = PBXVariantGroup;
			children = (
				2E22ABCF1E369E750024194C /* Base */,
			);
			name = Main.storyboard;
			sourceTree = "<group>";
		};
		2E22ABD31E369E750024194C /* LaunchScreen.storyboard */ = {
			isa = PBXVariantGroup;
			children = (
				2E22ABD41E369E750024194C /* Base */,
			);
			name = LaunchScreen.storyboard;
			sourceTree = "<group>";
		};
/* End PBXVariantGroup section */

/* Begin XCBuildConfiguration section */
		2E22ABD71E369E750024194C /* Debug */ = {
			isa = XCBuildConfiguration;
			buildSettings = {
				ALWAYS_SEARCH_USER_PATHS = NO;
				CLANG_ANALYZER_NONNULL = YES;
				CLANG_CXX_LANGUAGE_STANDARD = "gnu++0x";
				CLANG_CXX_LIBRARY = "libc++";
				CLANG_ENABLE_MODULES = YES;
				CLANG_ENABLE_OBJC_ARC = YES;
				CLANG_WARN_BOOL_CONVERSION = YES;
				CLANG_WARN_CONSTANT_CONVERSION = YES;
				CLANG_WARN_DIRECT_OBJC_ISA_USAGE = YES_ERROR;
				CLANG_WARN_DOCUMENTATION_COMMENTS = YES;
				CLANG_WARN_EMPTY_BODY = YES;
				CLANG_WARN_ENUM_CONVERSION = YES;
				CLANG_WARN_INFINITE_RECURSION = YES;
				CLANG_WARN_INT_CONVERSION = YES;
				CLANG_WARN_OBJC_ROOT_CLASS = YES_ERROR;
				CLANG_WARN_SUSPICIOUS_MOVE = YES;
				CLANG_WARN_UNREACHABLE_CODE = YES;
				CLANG_WARN__DUPLICATE_METHOD_MATCH = YES;
				"CODE_SIGN_IDENTITY[sdk=iphoneos*]" = "iPhone Developer";
				COPY_PHASE_STRIP = NO;
				DEBUG_INFORMATION_FORMAT = dwarf;
				ENABLE_STRICT_OBJC_MSGSEND = YES;
				ENABLE_TESTABILITY = YES;
				GCC_C_LANGUAGE_STANDARD = gnu99;
				GCC_DYNAMIC_NO_PIC = NO;
				GCC_NO_COMMON_BLOCKS = YES;
				GCC_OPTIMIZATION_LEVEL = 0;
				GCC_PREPROCESSOR_DEFINITIONS = (
					"DEBUG=1",
					"$(inherited)",
				);
				GCC_WARN_64_TO_32_BIT_CONVERSION = YES;
				GCC_WARN_ABOUT_RETURN_TYPE = YES_ERROR;
				GCC_WARN_UNDECLARED_SELECTOR = YES;
				GCC_WARN_UNINITIALIZED_AUTOS = YES_AGGRESSIVE;
				GCC_WARN_UNUSED_FUNCTION = YES;
				GCC_WARN_UNUSED_VARIABLE = YES;
				IPHONEOS_DEPLOYMENT_TARGET = 10.2;
				MTL_ENABLE_DEBUG_INFO = YES;
				ONLY_ACTIVE_ARCH = YES;
				SDKROOT = iphoneos;
				SWIFT_ACTIVE_COMPILATION_CONDITIONS = DEBUG;
				SWIFT_OPTIMIZATION_LEVEL = "-Onone";
			};
			name = Debug;
		};
		2E22ABD81E369E750024194C /* Release */ = {
			isa = XCBuildConfiguration;
			buildSettings = {
				ALWAYS_SEARCH_USER_PATHS = NO;
				CLANG_ANALYZER_NONNULL = YES;
				CLANG_CXX_LANGUAGE_STANDARD = "gnu++0x";
				CLANG_CXX_LIBRARY = "libc++";
				CLANG_ENABLE_MODULES = YES;
				CLANG_ENABLE_OBJC_ARC = YES;
				CLANG_WARN_BOOL_CONVERSION = YES;
				CLANG_WARN_CONSTANT_CONVERSION = YES;
				CLANG_WARN_DIRECT_OBJC_ISA_USAGE = YES_ERROR;
				CLANG_WARN_DOCUMENTATION_COMMENTS = YES;
				CLANG_WARN_EMPTY_BODY = YES;
				CLANG_WARN_ENUM_CONVERSION = YES;
				CLANG_WARN_INFINITE_RECURSION = YES;
				CLANG_WARN_INT_CONVERSION = YES;
				CLANG_WARN_OBJC_ROOT_CLASS = YES_ERROR;
				CLANG_WARN_SUSPICIOUS_MOVE = YES;
				CLANG_WARN_UNREACHABLE_CODE = YES;
				CLANG_WARN__DUPLICATE_METHOD_MATCH = YES;
				"CODE_SIGN_IDENTITY[sdk=iphoneos*]" = "iPhone Developer";
				COPY_PHASE_STRIP = NO;
				DEBUG_INFORMATION_FORMAT = "dwarf-with-dsym";
				ENABLE_NS_ASSERTIONS = NO;
				ENABLE_STRICT_OBJC_MSGSEND = YES;
				GCC_C_LANGUAGE_STANDARD = gnu99;
				GCC_NO_COMMON_BLOCKS = YES;
				GCC_WARN_64_TO_32_BIT_CONVERSION = YES;
				GCC_WARN_ABOUT_RETURN_TYPE = YES_ERROR;
				GCC_WARN_UNDECLARED_SELECTOR = YES;
				GCC_WARN_UNINITIALIZED_AUTOS = YES_AGGRESSIVE;
				GCC_WARN_UNUSED_FUNCTION = YES;
				GCC_WARN_UNUSED_VARIABLE = YES;
				IPHONEOS_DEPLOYMENT_TARGET = 10.2;
				MTL_ENABLE_DEBUG_INFO = NO;
				SDKROOT = iphoneos;
				SWIFT_OPTIMIZATION_LEVEL = "-Owholemodule";
				VALIDATE_PRODUCT = YES;
			};
			name = Release;
		};
		2E22ABDA1E369E750024194C /* Debug */ = {
			isa = XCBuildConfiguration;
			buildSettings = {
				ASSETCATALOG_COMPILER_APPICON_NAME = AppIcon;
				INFOPLIST_FILE = HelloWorldDanielC/Info.plist;
				LD_RUNPATH_SEARCH_PATHS = "$(inherited) @executable_path/Frameworks";
				PRODUCT_BUNDLE_IDENTIFIER = DC.HelloWorldDanielC;
				PRODUCT_NAME = "$(TARGET_NAME)";
				SWIFT_VERSION = 3.0;
			};
			name = Debug;
		};
		2E22ABDB1E369E750024194C /* Release */ = {
			isa = XCBuildConfiguration;
			buildSettings = {
				ASSETCATALOG_COMPILER_APPICON_NAME = AppIcon;
				INFOPLIST_FILE = HelloWorldDanielC/Info.plist;
				LD_RUNPATH_SEARCH_PATHS = "$(inherited) @executable_path/Frameworks";
				PRODUCT_BUNDLE_IDENTIFIER = DC.HelloWorldDanielC;
				PRODUCT_NAME = "$(TARGET_NAME)";
				SWIFT_VERSION = 3.0;
			};
			name = Release;
		};
/* End XCBuildConfiguration section */

/* Begin XCConfigurationList section */
		2E22ABC21E369E750024194C /* Build configuration list for PBXProject "HelloWorldDanielC" */ = {
			isa = XCConfigurationList;
			buildConfigurations = (
				2E22ABD71E369E750024194C /* Debug */,
				2E22ABD81E369E750024194C /* Release */,
			);
			defaultConfigurationIsVisible = 0;
			defaultConfigurationName = Release;
		};
		2E22ABD91E369E750024194C /* Build configuration list for PBXNativeTarget "HelloWorldDanielC" */ = {
			isa = XCConfigurationList;
			buildConfigurations = (
				2E22ABDA1E369E750024194C /* Debug */,
				2E22ABDB1E369E750024194C /* Release */,
			);
			defaultConfigurationIsVisible = 0;
		};
/* End XCConfigurationList section */
	};
	rootObject = 2E22ABBF1E369E750024194C /* Project object */;
}
